
Microsoft Visual Studio Solution File, Format Version 12.00
# Visual Studio 15
VisualStudioVersion = 15.0.26430.14
MinimumVisualStudioVersion = 10.0.40219.1
Project("{FAE04EC0-301F-11D3-BF4B-00C04F79EFBC}") = "EvaluationEffectivityOfInvestmentModule", "EvaluationEffectivityOfInvestmentModule\EvaluationEffectivityOfInvestmentModule.csproj", "{CAA729FF-21C9-4054-A148-EF67B17F5B26}"
EndProject
Project("{FAE04EC0-301F-11D3-BF4B-00C04F79EFBC}") = "Test", "Test\Test.csproj", "{82A0D85A-A7AA-4256-90A5-B7AE6B529909}"
EndProject
Global
	GlobalSection(SolutionConfigurationPlatforms) = preSolution
		Debug|Any CPU = Debug|Any CPU
		Release|Any CPU = Release|Any CPU
	EndGlobalSection
	GlobalSection(ProjectConfigurationPlatforms) = postSolution
		{CAA729FF-21C9-4054-A148-EF67B17F5B26}.Debug|Any CPU.ActiveCfg = Debug|Any CPU
		{CAA729FF-21C9-4054-A148-EF67B17F5B26}.Debug|Any CPU.Build.0 = Debug|Any CPU
		{CAA729FF-21C9-4054-A148-EF67B17F5B26}.Release|Any CPU.ActiveCfg = Release|Any CPU
		{CAA729FF-21C9-4054-A148-EF67B17F5B26}.Release|Any CPU.Build.0 = Release|Any CPU
		{82A0D85A-A7AA-4256-90A5-B7AE6B529909}.Debug|Any CPU.ActiveCfg = Debug|Any CPU
		{82A0D85A-A7AA-4256-90A5-B7AE6B529909}.Debug|Any CPU.Build.0 = Debug|Any CPU
		{82A0D85A-A7AA-4256-90A5-B7AE6B529909}.Release|Any CPU.ActiveCfg = Release|Any CPU
		{82A0D85A-A7AA-4256-90A5-B7AE6B529909}.Release|Any CPU.Build.0 = Release|Any CPU
	EndGlobalSection
	GlobalSection(SolutionProperties) = preSolution
		HideSolutionNode = FALSE
	EndGlobalSection
EndGlobal
